
Microsoft Visual Studio Solution File, Format Version 12.00
# Visual Studio Version 17
VisualStudioVersion = 17.0.31903.59
MinimumVisualStudioVersion = 10.0.40219.1
Project("{2150E333-8FDC-42A3-9474-1A3956D46DE8}") = "src", "src", "{827E0CD3-B72D-47B6-A68D-7590B98EB39B}"
EndProject
Project("{FAE04EC0-301F-11D3-BF4B-00C04F79EFBC}") = "SFManagement.Domain", "src\SFManagement.Domain\SFManagement.Domain.csproj", "{D7022846-4A7F-4DAC-B920-2A6B51656F55}"
EndProject
Project("{FAE04EC0-301F-11D3-BF4B-00C04F79EFBC}") = "SFManagement.Application", "src\SFManagement.Application\SFManagement.Application.csproj", "{A38B5EB7-46E7-4429-B5EC-52508086E1C7}"
EndProject
Project("{FAE04EC0-301F-11D3-BF4B-00C04F79EFBC}") = "SFManagement.Infrastructure", "src\SFManagement.Infrastructure\SFManagement.Infrastructure.csproj", "{56929CA0-0279-4FD3-9AB3-6970E3DF54DD}"
EndProject
Project("{FAE04EC0-301F-11D3-BF4B-00C04F79EFBC}") = "SFManagement.Web", "src\SFManagement.Web\SFManagement.Web.csproj", "{61F237F6-1938-49C7-B564-33F688250F92}"
EndProject
Project("{2150E333-8FDC-42A3-9474-1A3956D46DE8}") = "tests", "tests", "{0AB3BF05-4346-4AA6-1389-037BE0695223}"
EndProject
Project("{FAE04EC0-301F-11D3-BF4B-00C04F79EFBC}") = "SFManagement.UnitTests", "tests\SFManagement.UnitTests\SFManagement.UnitTests.csproj", "{E2E058C0-968A-4907-8943-626965E6C8DC}"
EndProject
Project("{FAE04EC0-301F-11D3-BF4B-00C04F79EFBC}") = "SFManagement.IntegrationTests", "tests\SFManagement.IntegrationTests\SFManagement.IntegrationTests.csproj", "{1A13CF24-B76B-4790-814F-F3BBAD14391E}"
EndProject
Project("{FAE04EC0-301F-11D3-BF4B-00C04F79EFBC}") = "SFManagement.E2ETests", "tests\SFManagement.E2ETests\SFManagement.E2ETests.csproj", "{5721C9CE-1CF4-4BD7-8CEC-909EB840E4B9}"
EndProject
Global
	GlobalSection(SolutionConfigurationPlatforms) = preSolution
		Debug|Any CPU = Debug|Any CPU
		Debug|x64 = Debug|x64
		Debug|x86 = Debug|x86
		Release|Any CPU = Release|Any CPU
		Release|x64 = Release|x64
		Release|x86 = Release|x86
	EndGlobalSection
	GlobalSection(ProjectConfigurationPlatforms) = postSolution
		{D7022846-4A7F-4DAC-B920-2A6B51656F55}.Debug|Any CPU.ActiveCfg = Debug|Any CPU
		{D7022846-4A7F-4DAC-B920-2A6B51656F55}.Debug|Any CPU.Build.0 = Debug|Any CPU
		{D7022846-4A7F-4DAC-B920-2A6B51656F55}.Debug|x64.ActiveCfg = Debug|Any CPU
		{D7022846-4A7F-4DAC-B920-2A6B51656F55}.Debug|x64.Build.0 = Debug|Any CPU
		{D7022846-4A7F-4DAC-B920-2A6B51656F55}.Debug|x86.ActiveCfg = Debug|Any CPU
		{D7022846-4A7F-4DAC-B920-2A6B51656F55}.Debug|x86.Build.0 = Debug|Any CPU
		{D7022846-4A7F-4DAC-B920-2A6B51656F55}.Release|Any CPU.ActiveCfg = Release|Any CPU
		{D7022846-4A7F-4DAC-B920-2A6B51656F55}.Release|Any CPU.Build.0 = Release|Any CPU
		{D7022846-4A7F-4DAC-B920-2A6B51656F55}.Release|x64.ActiveCfg = Release|Any CPU
		{D7022846-4A7F-4DAC-B920-2A6B51656F55}.Release|x64.Build.0 = Release|Any CPU
		{D7022846-4A7F-4DAC-B920-2A6B51656F55}.Release|x86.ActiveCfg = Release|Any CPU
		{D7022846-4A7F-4DAC-B920-2A6B51656F55}.Release|x86.Build.0 = Release|Any CPU
		{A38B5EB7-46E7-4429-B5EC-52508086E1C7}.Debug|Any CPU.ActiveCfg = Debug|Any CPU
		{A38B5EB7-46E7-4429-B5EC-52508086E1C7}.Debug|Any CPU.Build.0 = Debug|Any CPU
		{A38B5EB7-46E7-4429-B5EC-52508086E1C7}.Debug|x64.ActiveCfg = Debug|Any CPU
		{A38B5EB7-46E7-4429-B5EC-52508086E1C7}.Debug|x64.Build.0 = Debug|Any CPU
		{A38B5EB7-46E7-4429-B5EC-52508086E1C7}.Debug|x86.ActiveCfg = Debug|Any CPU
		{A38B5EB7-46E7-4429-B5EC-52508086E1C7}.Debug|x86.Build.0 = Debug|Any CPU
		{A38B5EB7-46E7-4429-B5EC-52508086E1C7}.Release|Any CPU.ActiveCfg = Release|Any CPU
		{A38B5EB7-46E7-4429-B5EC-52508086E1C7}.Release|Any CPU.Build.0 = Release|Any CPU
		{A38B5EB7-46E7-4429-B5EC-52508086E1C7}.Release|x64.ActiveCfg = Release|Any CPU
		{A38B5EB7-46E7-4429-B5EC-52508086E1C7}.Release|x64.Build.0 = Release|Any CPU
		{A38B5EB7-46E7-4429-B5EC-52508086E1C7}.Release|x86.ActiveCfg = Release|Any CPU
		{A38B5EB7-46E7-4429-B5EC-52508086E1C7}.Release|x86.Build.0 = Release|Any CPU
		{56929CA0-0279-4FD3-9AB3-6970E3DF54DD}.Debug|Any CPU.ActiveCfg = Debug|Any CPU
		{56929CA0-0279-4FD3-9AB3-6970E3DF54DD}.Debug|Any CPU.Build.0 = Debug|Any CPU
		{56929CA0-0279-4FD3-9AB3-6970E3DF54DD}.Debug|x64.ActiveCfg = Debug|Any CPU
		{56929CA0-0279-4FD3-9AB3-6970E3DF54DD}.Debug|x64.Build.0 = Debug|Any CPU
		{56929CA0-0279-4FD3-9AB3-6970E3DF54DD}.Debug|x86.ActiveCfg = Debug|Any CPU
		{56929CA0-0279-4FD3-9AB3-6970E3DF54DD}.Debug|x86.Build.0 = Debug|Any CPU
		{56929CA0-0279-4FD3-9AB3-6970E3DF54DD}.Release|Any CPU.ActiveCfg = Release|Any CPU
		{56929CA0-0279-4FD3-9AB3-6970E3DF54DD}.Release|Any CPU.Build.0 = Release|Any CPU
		{56929CA0-0279-4FD3-9AB3-6970E3DF54DD}.Release|x64.ActiveCfg = Release|Any CPU
		{56929CA0-0279-4FD3-9AB3-6970E3DF54DD}.Release|x64.Build.0 = Release|Any CPU
		{56929CA0-0279-4FD3-9AB3-6970E3DF54DD}.Release|x86.ActiveCfg = Release|Any CPU
		{56929CA0-0279-4FD3-9AB3-6970E3DF54DD}.Release|x86.Build.0 = Release|Any CPU
		{61F237F6-1938-49C7-B564-33F688250F92}.Debug|Any CPU.ActiveCfg = Debug|Any CPU
		{61F237F6-1938-49C7-B564-33F688250F92}.Debug|Any CPU.Build.0 = Debug|Any CPU
		{61F237F6-1938-49C7-B564-33F688250F92}.Debug|x64.ActiveCfg = Debug|Any CPU
		{61F237F6-1938-49C7-B564-33F688250F92}.Debug|x64.Build.0 = Debug|Any CPU
		{61F237F6-1938-49C7-B564-33F688250F92}.Debug|x86.ActiveCfg = Debug|Any CPU
		{61F237F6-1938-49C7-B564-33F688250F92}.Debug|x86.Build.0 = Debug|Any CPU
		{61F237F6-1938-49C7-B564-33F688250F92}.Release|Any CPU.ActiveCfg = Release|Any CPU
		{61F237F6-1938-49C7-B564-33F688250F92}.Release|Any CPU.Build.0 = Release|Any CPU
		{61F237F6-1938-49C7-B564-33F688250F92}.Release|x64.ActiveCfg = Release|Any CPU
		{61F237F6-1938-49C7-B564-33F688250F92}.Release|x64.Build.0 = Release|Any CPU
		{61F237F6-1938-49C7-B564-33F688250F92}.Release|x86.ActiveCfg = Release|Any CPU
		{61F237F6-1938-49C7-B564-33F688250F92}.Release|x86.Build.0 = Release|Any CPU
		{E2E058C0-968A-4907-8943-626965E6C8DC}.Debug|Any CPU.ActiveCfg = Debug|Any CPU
		{E2E058C0-968A-4907-8943-626965E6C8DC}.Debug|Any CPU.Build.0 = Debug|Any CPU
		{E2E058C0-968A-4907-8943-626965E6C8DC}.Debug|x64.ActiveCfg = Debug|Any CPU
		{E2E058C0-968A-4907-8943-626965E6C8DC}.Debug|x64.Build.0 = Debug|Any CPU
		{E2E058C0-968A-4907-8943-626965E6C8DC}.Debug|x86.ActiveCfg = Debug|Any CPU
		{E2E058C0-968A-4907-8943-626965E6C8DC}.Debug|x86.Build.0 = Debug|Any CPU
		{E2E058C0-968A-4907-8943-626965E6C8DC}.Release|Any CPU.ActiveCfg = Release|Any CPU
		{E2E058C0-968A-4907-8943-626965E6C8DC}.Release|Any CPU.Build.0 = Release|Any CPU
		{E2E058C0-968A-4907-8943-626965E6C8DC}.Release|x64.ActiveCfg = Release|Any CPU
		{E2E058C0-968A-4907-8943-626965E6C8DC}.Release|x64.Build.0 = Release|Any CPU
		{E2E058C0-968A-4907-8943-626965E6C8DC}.Release|x86.ActiveCfg = Release|Any CPU
		{E2E058C0-968A-4907-8943-626965E6C8DC}.Release|x86.Build.0 = Release|Any CPU
		{1A13CF24-B76B-4790-814F-F3BBAD14391E}.Debug|Any CPU.ActiveCfg = Debug|Any CPU
		{1A13CF24-B76B-4790-814F-F3BBAD14391E}.Debug|Any CPU.Build.0 = Debug|Any CPU
		{1A13CF24-B76B-4790-814F-F3BBAD14391E}.Debug|x64.ActiveCfg = Debug|Any CPU
		{1A13CF24-B76B-4790-814F-F3BBAD14391E}.Debug|x64.Build.0 = Debug|Any CPU
		{1A13CF24-B76B-4790-814F-F3BBAD14391E}.Debug|x86.ActiveCfg = Debug|Any CPU
		{1A13CF24-B76B-4790-814F-F3BBAD14391E}.Debug|x86.Build.0 = Debug|Any CPU
		{1A13CF24-B76B-4790-814F-F3BBAD14391E}.Release|Any CPU.ActiveCfg = Release|Any CPU
		{1A13CF24-B76B-4790-814F-F3BBAD14391E}.Release|Any CPU.Build.0 = Release|Any CPU
		{1A13CF24-B76B-4790-814F-F3BBAD14391E}.Release|x64.ActiveCfg = Release|Any CPU
		{1A13CF24-B76B-4790-814F-F3BBAD14391E}.Release|x64.Build.0 = Release|Any CPU
		{1A13CF24-B76B-4790-814F-F3BBAD14391E}.Release|x86.ActiveCfg = Release|Any CPU
		{1A13CF24-B76B-4790-814F-F3BBAD14391E}.Release|x86.Build.0 = Release|Any CPU
		{5721C9CE-1CF4-4BD7-8CEC-909EB840E4B9}.Debug|Any CPU.ActiveCfg = Debug|Any CPU
		{5721C9CE-1CF4-4BD7-8CEC-909EB840E4B9}.Debug|Any CPU.Build.0 = Debug|Any CPU
		{5721C9CE-1CF4-4BD7-8CEC-909EB840E4B9}.Debug|x64.ActiveCfg = Debug|Any CPU
		{5721C9CE-1CF4-4BD7-8CEC-909EB840E4B9}.Debug|x64.Build.0 = Debug|Any CPU
		{5721C9CE-1CF4-4BD7-8CEC-909EB840E4B9}.Debug|x86.ActiveCfg = Debug|Any CPU
		{5721C9CE-1CF4-4BD7-8CEC-909EB840E4B9}.Debug|x86.Build.0 = Debug|Any CPU
		{5721C9CE-1CF4-4BD7-8CEC-909EB840E4B9}.Release|Any CPU.ActiveCfg = Release|Any CPU
		{5721C9CE-1CF4-4BD7-8CEC-909EB840E4B9}.Release|Any CPU.Build.0 = Release|Any CPU
		{5721C9CE-1CF4-4BD7-8CEC-909EB840E4B9}.Release|x64.ActiveCfg = Release|Any CPU
		{5721C9CE-1CF4-4BD7-8CEC-909EB840E4B9}.Release|x64.Build.0 = Release|Any CPU
		{5721C9CE-1CF4-4BD7-8CEC-909EB840E4B9}.Release|x86.ActiveCfg = Release|Any CPU
		{5721C9CE-1CF4-4BD7-8CEC-909EB840E4B9}.Release|x86.Build.0 = Release|Any CPU
	EndGlobalSection
	GlobalSection(SolutionProperties) = preSolution
		HideSolutionNode = FALSE
	EndGlobalSection
	GlobalSection(NestedProjects) = preSolution
		{D7022846-4A7F-4DAC-B920-2A6B51656F55} = {827E0CD3-B72D-47B6-A68D-7590B98EB39B}
		{A38B5EB7-46E7-4429-B5EC-52508086E1C7} = {827E0CD3-B72D-47B6-A68D-7590B98EB39B}
		{56929CA0-0279-4FD3-9AB3-6970E3DF54DD} = {827E0CD3-B72D-47B6-A68D-7590B98EB39B}
		{61F237F6-1938-49C7-B564-33F688250F92} = {827E0CD3-B72D-47B6-A68D-7590B98EB39B}
		{E2E058C0-968A-4907-8943-626965E6C8DC} = {0AB3BF05-4346-4AA6-1389-037BE0695223}
		{1A13CF24-B76B-4790-814F-F3BBAD14391E} = {0AB3BF05-4346-4AA6-1389-037BE0695223}
		{5721C9CE-1CF4-4BD7-8CEC-909EB840E4B9} = {0AB3BF05-4346-4AA6-1389-037BE0695223}
	EndGlobalSection
EndGlobal
